
Microsoft Visual Studio Solution File, Format Version 12.00
# Visual Studio Version 16
VisualStudioVersion = 25.0.1705.4
MinimumVisualStudioVersion = 10.0.40219.1
Project("{FAE04EC0-301F-11D3-BF4B-00C04F79EFBC}") = "resolucao-desafio-fib", "resolucao-desafio-fib\resolucao-desafio-fib.csproj", "{2B7AB686-1280-4CD0-8388-44DF0CE09431}"
EndProject
Global
	GlobalSection(SolutionConfigurationPlatforms) = preSolution
		Debug|Any CPU = Debug|Any CPU
		Release|Any CPU = Release|Any CPU
	EndGlobalSection
	GlobalSection(ProjectConfigurationPlatforms) = postSolution
		{2B7AB686-1280-4CD0-8388-44DF0CE09431}.Debug|Any CPU.ActiveCfg = Debug|Any CPU
		{2B7AB686-1280-4CD0-8388-44DF0CE09431}.Debug|Any CPU.Build.0 = Debug|Any CPU
		{2B7AB686-1280-4CD0-8388-44DF0CE09431}.Release|Any CPU.ActiveCfg = Release|Any CPU
		{2B7AB686-1280-4CD0-8388-44DF0CE09431}.Release|Any CPU.Build.0 = Release|Any CPU
	EndGlobalSection
	GlobalSection(SolutionProperties) = preSolution
		HideSolutionNode = FALSE
	EndGlobalSection
	GlobalSection(ExtensibilityGlobals) = postSolution
		SolutionGuid = {E562B98C-49FC-4658-A08D-E6E554BBF363}
	EndGlobalSection
EndGlobal
